// !$*UTF8*$!
{
	archiveVersion = 1;
	classes = {
	};
	objectVersion = 55;
	objects = {

/* Begin PBXBuildFile section */
		3906962B2832EDA900AFE4AA /* AppDelegate.swift in Sources */ = {isa = PBXBuildFile; fileRef = 3906962A2832EDA900AFE4AA /* AppDelegate.swift */; };
		3906962D2832EDA900AFE4AA /* SceneDelegate.swift in Sources */ = {isa = PBXBuildFile; fileRef = 3906962C2832EDA900AFE4AA /* SceneDelegate.swift */; };
		3906962F2832EDA900AFE4AA /* AuthViewController.swift in Sources */ = {isa = PBXBuildFile; fileRef = 3906962E2832EDA900AFE4AA /* AuthViewController.swift */; };
		390696342832EDAA00AFE4AA /* Assets.xcassets in Resources */ = {isa = PBXBuildFile; fileRef = 390696332832EDAA00AFE4AA /* Assets.xcassets */; };
		390696372832EDAA00AFE4AA /* LaunchScreen.storyboard in Resources */ = {isa = PBXBuildFile; fileRef = 390696352832EDAA00AFE4AA /* LaunchScreen.storyboard */; };
		3906963F2832F3CA00AFE4AA /* UIButton + Extension .swift in Sources */ = {isa = PBXBuildFile; fileRef = 3906963E2832F3CA00AFE4AA /* UIButton + Extension .swift */; };
		390696412832F71000AFE4AA /* UIFont + Extension.swift in Sources */ = {isa = PBXBuildFile; fileRef = 390696402832F71000AFE4AA /* UIFont + Extension.swift */; };
		390696432832F8AF00AFE4AA /* UIColor + Extension.swift in Sources */ = {isa = PBXBuildFile; fileRef = 390696422832F8AF00AFE4AA /* UIColor + Extension.swift */; };
		390696452832FB3300AFE4AA /* UILabel + Extension.swift in Sources */ = {isa = PBXBuildFile; fileRef = 390696442832FB3300AFE4AA /* UILabel + Extension.swift */; };
		390696472832FCA400AFE4AA /* UIImageView + Extension.swift in Sources */ = {isa = PBXBuildFile; fileRef = 390696462832FCA400AFE4AA /* UIImageView + Extension.swift */; };
		3906964B283418A000AFE4AA /* ButtonFormView.swift in Sources */ = {isa = PBXBuildFile; fileRef = 3906964A283418A000AFE4AA /* ButtonFormView.swift */; };
		3906964D2834388500AFE4AA /* UIStackView + Extension.swift in Sources */ = {isa = PBXBuildFile; fileRef = 3906964C2834388500AFE4AA /* UIStackView + Extension.swift */; };
		3906964F28343B7A00AFE4AA /* SignUpViewController.swift in Sources */ = {isa = PBXBuildFile; fileRef = 3906964E28343B7A00AFE4AA /* SignUpViewController.swift */; };
		390696512834402500AFE4AA /* SeparatorTextField.swift in Sources */ = {isa = PBXBuildFile; fileRef = 390696502834402400AFE4AA /* SeparatorTextField.swift */; };
		390696532835081200AFE4AA /* LoginViewController.swift in Sources */ = {isa = PBXBuildFile; fileRef = 390696522835081200AFE4AA /* LoginViewController.swift */; };
		393AB347283D4D810085246A /* GoogleService-Info.plist in Resources */ = {isa = PBXBuildFile; fileRef = 393AB346283D4D810085246A /* GoogleService-Info.plist */; };
		393FFA41283D7A8600748F9A /* AuthNavigationDelegate.swift in Sources */ = {isa = PBXBuildFile; fileRef = 393FFA40283D7A8600748F9A /* AuthNavigationDelegate.swift */; };
		393FFA43283D83C300748F9A /* FirestoreService.swift in Sources */ = {isa = PBXBuildFile; fileRef = 393FFA42283D83C300748F9A /* FirestoreService.swift */; };
		393FFA45283D8F9300748F9A /* UserError.swift in Sources */ = {isa = PBXBuildFile; fileRef = 393FFA44283D8F9300748F9A /* UserError.swift */; };
		3973657D2837A63D004A0182 /* waitingChats.json in Resources */ = {isa = PBXBuildFile; fileRef = 3973657C2837A63D004A0182 /* waitingChats.json */; };
		3973657F2837A647004A0182 /* activeChats.json in Resources */ = {isa = PBXBuildFile; fileRef = 3973657E2837A647004A0182 /* activeChats.json */; };
		397365822837A7FE004A0182 /* ActiveChatCell.swift in Sources */ = {isa = PBXBuildFile; fileRef = 397365812837A7FE004A0182 /* ActiveChatCell.swift */; };
		397365842837BAB7004A0182 /* GradientView.swift in Sources */ = {isa = PBXBuildFile; fileRef = 397365832837BAB7004A0182 /* GradientView.swift */; };
		3973658628381F01004A0182 /* WaitingChatCell.swift in Sources */ = {isa = PBXBuildFile; fileRef = 3973658528381F01004A0182 /* WaitingChatCell.swift */; };
		39736588283839C4004A0182 /* SelfConfiguringCell.swift in Sources */ = {isa = PBXBuildFile; fileRef = 39736587283839C4004A0182 /* SelfConfiguringCell.swift */; };
		3973658B28384B66004A0182 /* SectionHeader.swift in Sources */ = {isa = PBXBuildFile; fileRef = 3973658A28384B66004A0182 /* SectionHeader.swift */; };
		3973658E28397124004A0182 /* users.json in Resources */ = {isa = PBXBuildFile; fileRef = 3973658D28397124004A0182 /* users.json */; };
		397365902839723B004A0182 /* MChat.swift in Sources */ = {isa = PBXBuildFile; fileRef = 3973658F2839723B004A0182 /* MChat.swift */; };
		3973659328397277004A0182 /* MUser.swift in Sources */ = {isa = PBXBuildFile; fileRef = 3973659228397277004A0182 /* MUser.swift */; };
		3973659528399902004A0182 /* UserCell.swift in Sources */ = {isa = PBXBuildFile; fileRef = 3973659428399902004A0182 /* UserCell.swift */; };
		3973659728399B6E004A0182 /* UIViewController + Extension.swift in Sources */ = {isa = PBXBuildFile; fileRef = 3973659628399B6E004A0182 /* UIViewController + Extension.swift */; };
		39736599283A6845004A0182 /* ProfileViewController.swift in Sources */ = {isa = PBXBuildFile; fileRef = 39736598283A6845004A0182 /* ProfileViewController.swift */; };
		3973659B283ADA30004A0182 /* InsertableTextField.swift in Sources */ = {isa = PBXBuildFile; fileRef = 3973659A283ADA30004A0182 /* InsertableTextField.swift */; };
		3973659D283AE743004A0182 /* UIView + Extension.swift in Sources */ = {isa = PBXBuildFile; fileRef = 3973659C283AE743004A0182 /* UIView + Extension.swift */; };
		3973659F283AF4CF004A0182 /* ChatRequestViewController.swift in Sources */ = {isa = PBXBuildFile; fileRef = 3973659E283AF4CF004A0182 /* ChatRequestViewController.swift */; };
		397365A5283C2EBE004A0182 /* AuthService.swift in Sources */ = {isa = PBXBuildFile; fileRef = 397365A4283C2EBE004A0182 /* AuthService.swift */; };
		397365A7283C47FF004A0182 /* Validators.swift in Sources */ = {isa = PBXBuildFile; fileRef = 397365A6283C47FF004A0182 /* Validators.swift */; };
		397365A9283C4A90004A0182 /* AuthError.swift in Sources */ = {isa = PBXBuildFile; fileRef = 397365A8283C4A90004A0182 /* AuthError.swift */; };
		39AAA488283578E7001E6D0C /* SetupProfileViewController.swift in Sources */ = {isa = PBXBuildFile; fileRef = 39AAA487283578E7001E6D0C /* SetupProfileViewController.swift */; };
		39AAA48A28357C98001E6D0C /* PhotoView.swift in Sources */ = {isa = PBXBuildFile; fileRef = 39AAA48928357C98001E6D0C /* PhotoView.swift */; };
		39AAA48E28358D2F001E6D0C /* SegmentedControl + Extension.swift in Sources */ = {isa = PBXBuildFile; fileRef = 39AAA48D28358D2F001E6D0C /* SegmentedControl + Extension.swift */; };
		39AAA4912835A27B001E6D0C /* ListViewController.swift in Sources */ = {isa = PBXBuildFile; fileRef = 39AAA4902835A27B001E6D0C /* ListViewController.swift */; };
		39AAA4942835A71B001E6D0C /* MainTabBarController.swift in Sources */ = {isa = PBXBuildFile; fileRef = 39AAA4932835A71B001E6D0C /* MainTabBarController.swift */; };
		39AAA4962835A780001E6D0C /* PeopleViewController.swift in Sources */ = {isa = PBXBuildFile; fileRef = 39AAA4952835A780001E6D0C /* PeopleViewController.swift */; };
		39AAA49D2836F718001E6D0C /* BundleDecodable.swift in Sources */ = {isa = PBXBuildFile; fileRef = 39AAA49C2836F718001E6D0C /* BundleDecodable.swift */; };
		39BBE80A283D50BF00A71C58 /* FirebaseAnalytics in Frameworks */ = {isa = PBXBuildFile; productRef = 39BBE809283D50BF00A71C58 /* FirebaseAnalytics */; };
		39BBE80C283D50BF00A71C58 /* FirebaseAnalyticsOnDeviceConversion in Frameworks */ = {isa = PBXBuildFile; productRef = 39BBE80B283D50BF00A71C58 /* FirebaseAnalyticsOnDeviceConversion */; };
		39BBE80E283D50BF00A71C58 /* FirebaseAnalyticsSwift in Frameworks */ = {isa = PBXBuildFile; productRef = 39BBE80D283D50BF00A71C58 /* FirebaseAnalyticsSwift */; };
		39BBE810283D50BF00A71C58 /* FirebaseAnalyticsWithoutAdIdSupport in Frameworks */ = {isa = PBXBuildFile; productRef = 39BBE80F283D50BF00A71C58 /* FirebaseAnalyticsWithoutAdIdSupport */; };
		39BBE812283D50BF00A71C58 /* FirebaseAppCheck in Frameworks */ = {isa = PBXBuildFile; productRef = 39BBE811283D50BF00A71C58 /* FirebaseAppCheck */; };
		39BBE814283D50BF00A71C58 /* FirebaseAppDistribution-Beta in Frameworks */ = {isa = PBXBuildFile; productRef = 39BBE813283D50BF00A71C58 /* FirebaseAppDistribution-Beta */; };
		39BBE816283D50BF00A71C58 /* FirebaseAuth in Frameworks */ = {isa = PBXBuildFile; productRef = 39BBE815283D50BF00A71C58 /* FirebaseAuth */; };
		39BBE818283D50BF00A71C58 /* FirebaseAuthCombine-Community in Frameworks */ = {isa = PBXBuildFile; productRef = 39BBE817283D50BF00A71C58 /* FirebaseAuthCombine-Community */; };
		39BBE81A283D50BF00A71C58 /* FirebaseCrashlytics in Frameworks */ = {isa = PBXBuildFile; productRef = 39BBE819283D50BF00A71C58 /* FirebaseCrashlytics */; };
		39BBE81C283D50BF00A71C58 /* FirebaseDatabase in Frameworks */ = {isa = PBXBuildFile; productRef = 39BBE81B283D50BF00A71C58 /* FirebaseDatabase */; };
		39BBE81E283D50BF00A71C58 /* FirebaseDatabaseSwift in Frameworks */ = {isa = PBXBuildFile; productRef = 39BBE81D283D50BF00A71C58 /* FirebaseDatabaseSwift */; };
		39BBE820283D50BF00A71C58 /* FirebaseDynamicLinks in Frameworks */ = {isa = PBXBuildFile; productRef = 39BBE81F283D50BF00A71C58 /* FirebaseDynamicLinks */; };
		39BBE822283D50BF00A71C58 /* FirebaseFirestore in Frameworks */ = {isa = PBXBuildFile; productRef = 39BBE821283D50BF00A71C58 /* FirebaseFirestore */; };
		39BBE824283D50BF00A71C58 /* FirebaseFirestoreCombine-Community in Frameworks */ = {isa = PBXBuildFile; productRef = 39BBE823283D50BF00A71C58 /* FirebaseFirestoreCombine-Community */; };
		39BBE826283D50BF00A71C58 /* FirebaseFirestoreSwift in Frameworks */ = {isa = PBXBuildFile; productRef = 39BBE825283D50BF00A71C58 /* FirebaseFirestoreSwift */; };
		39BBE828283D50BF00A71C58 /* FirebaseFunctions in Frameworks */ = {isa = PBXBuildFile; productRef = 39BBE827283D50BF00A71C58 /* FirebaseFunctions */; };
		39BBE82A283D50BF00A71C58 /* FirebaseFunctionsCombine-Community in Frameworks */ = {isa = PBXBuildFile; productRef = 39BBE829283D50BF00A71C58 /* FirebaseFunctionsCombine-Community */; };
		39BBE82C283D50BF00A71C58 /* FirebaseInAppMessaging-Beta in Frameworks */ = {isa = PBXBuildFile; productRef = 39BBE82B283D50BF00A71C58 /* FirebaseInAppMessaging-Beta */; };
		39BBE82E283D50BF00A71C58 /* FirebaseInAppMessagingSwift-Beta in Frameworks */ = {isa = PBXBuildFile; productRef = 39BBE82D283D50BF00A71C58 /* FirebaseInAppMessagingSwift-Beta */; };
		39BBE830283D50BF00A71C58 /* FirebaseInstallations in Frameworks */ = {isa = PBXBuildFile; productRef = 39BBE82F283D50BF00A71C58 /* FirebaseInstallations */; };
		39BBE832283D50BF00A71C58 /* FirebaseMLModelDownloader in Frameworks */ = {isa = PBXBuildFile; productRef = 39BBE831283D50BF00A71C58 /* FirebaseMLModelDownloader */; };
		39BBE834283D50BF00A71C58 /* FirebaseMessaging in Frameworks */ = {isa = PBXBuildFile; productRef = 39BBE833283D50BF00A71C58 /* FirebaseMessaging */; };
		39BBE836283D50BF00A71C58 /* FirebasePerformance in Frameworks */ = {isa = PBXBuildFile; productRef = 39BBE835283D50BF00A71C58 /* FirebasePerformance */; };
		39BBE838283D50BF00A71C58 /* FirebaseRemoteConfig in Frameworks */ = {isa = PBXBuildFile; productRef = 39BBE837283D50BF00A71C58 /* FirebaseRemoteConfig */; };
		39BBE83A283D50BF00A71C58 /* FirebaseRemoteConfigSwift in Frameworks */ = {isa = PBXBuildFile; productRef = 39BBE839283D50BF00A71C58 /* FirebaseRemoteConfigSwift */; };
		39BBE83C283D50BF00A71C58 /* FirebaseStorage in Frameworks */ = {isa = PBXBuildFile; productRef = 39BBE83B283D50BF00A71C58 /* FirebaseStorage */; };
		39BBE83E283D50BF00A71C58 /* FirebaseStorageCombine-Community in Frameworks */ = {isa = PBXBuildFile; productRef = 39BBE83D283D50BF00A71C58 /* FirebaseStorageCombine-Community */; };
/* End PBXBuildFile section */

/* Begin PBXFileReference section */
		390696272832EDA900AFE4AA /* IChat.app */ = {isa = PBXFileReference; explicitFileType = wrapper.application; includeInIndex = 0; path = IChat.app; sourceTree = BUILT_PRODUCTS_DIR; };
		3906962A2832EDA900AFE4AA /* AppDelegate.swift */ = {isa = PBXFileReference; lastKnownFileType = sourcecode.swift; path = AppDelegate.swift; sourceTree = "<group>"; };
		3906962C2832EDA900AFE4AA /* SceneDelegate.swift */ = {isa = PBXFileReference; lastKnownFileType = sourcecode.swift; path = SceneDelegate.swift; sourceTree = "<group>"; };
		3906962E2832EDA900AFE4AA /* AuthViewController.swift */ = {isa = PBXFileReference; lastKnownFileType = sourcecode.swift; path = AuthViewController.swift; sourceTree = "<group>"; };
		390696332832EDAA00AFE4AA /* Assets.xcassets */ = {isa = PBXFileReference; lastKnownFileType = folder.assetcatalog; path = Assets.xcassets; sourceTree = "<group>"; };
		390696362832EDAA00AFE4AA /* Base */ = {isa = PBXFileReference; lastKnownFileType = file.storyboard; name = Base; path = Base.lproj/LaunchScreen.storyboard; sourceTree = "<group>"; };
		390696382832EDAA00AFE4AA /* Info.plist */ = {isa = PBXFileReference; lastKnownFileType = text.plist.xml; path = Info.plist; sourceTree = "<group>"; };
		3906963E2832F3CA00AFE4AA /* UIButton + Extension .swift */ = {isa = PBXFileReference; lastKnownFileType = sourcecode.swift; path = "UIButton + Extension .swift"; sourceTree = "<group>"; };
		390696402832F71000AFE4AA /* UIFont + Extension.swift */ = {isa = PBXFileReference; lastKnownFileType = sourcecode.swift; path = "UIFont + Extension.swift"; sourceTree = "<group>"; };
		390696422832F8AF00AFE4AA /* UIColor + Extension.swift */ = {isa = PBXFileReference; lastKnownFileType = sourcecode.swift; path = "UIColor + Extension.swift"; sourceTree = "<group>"; };
		390696442832FB3300AFE4AA /* UILabel + Extension.swift */ = {isa = PBXFileReference; lastKnownFileType = sourcecode.swift; path = "UILabel + Extension.swift"; sourceTree = "<group>"; };
		390696462832FCA400AFE4AA /* UIImageView + Extension.swift */ = {isa = PBXFileReference; lastKnownFileType = sourcecode.swift; path = "UIImageView + Extension.swift"; sourceTree = "<group>"; };
		3906964A283418A000AFE4AA /* ButtonFormView.swift */ = {isa = PBXFileReference; lastKnownFileType = sourcecode.swift; path = ButtonFormView.swift; sourceTree = "<group>"; };
		3906964C2834388500AFE4AA /* UIStackView + Extension.swift */ = {isa = PBXFileReference; lastKnownFileType = sourcecode.swift; path = "UIStackView + Extension.swift"; sourceTree = "<group>"; };
		3906964E28343B7A00AFE4AA /* SignUpViewController.swift */ = {isa = PBXFileReference; lastKnownFileType = sourcecode.swift; path = SignUpViewController.swift; sourceTree = "<group>"; };
		390696502834402400AFE4AA /* SeparatorTextField.swift */ = {isa = PBXFileReference; lastKnownFileType = sourcecode.swift; path = SeparatorTextField.swift; sourceTree = "<group>"; };
		390696522835081200AFE4AA /* LoginViewController.swift */ = {isa = PBXFileReference; lastKnownFileType = sourcecode.swift; path = LoginViewController.swift; sourceTree = "<group>"; };
		393AB346283D4D810085246A /* GoogleService-Info.plist */ = {isa = PBXFileReference; fileEncoding = 4; lastKnownFileType = text.plist.xml; path = "GoogleService-Info.plist"; sourceTree = "<group>"; };
		393FFA40283D7A8600748F9A /* AuthNavigationDelegate.swift */ = {isa = PBXFileReference; lastKnownFileType = sourcecode.swift; path = AuthNavigationDelegate.swift; sourceTree = "<group>"; };
		393FFA42283D83C300748F9A /* FirestoreService.swift */ = {isa = PBXFileReference; lastKnownFileType = sourcecode.swift; path = FirestoreService.swift; sourceTree = "<group>"; };
		393FFA44283D8F9300748F9A /* UserError.swift */ = {isa = PBXFileReference; lastKnownFileType = sourcecode.swift; path = UserError.swift; sourceTree = "<group>"; };
		3973657C2837A63D004A0182 /* waitingChats.json */ = {isa = PBXFileReference; fileEncoding = 4; lastKnownFileType = text.json; path = waitingChats.json; sourceTree = "<group>"; };
		3973657E2837A647004A0182 /* activeChats.json */ = {isa = PBXFileReference; fileEncoding = 4; lastKnownFileType = text.json; path = activeChats.json; sourceTree = "<group>"; };
		397365812837A7FE004A0182 /* ActiveChatCell.swift */ = {isa = PBXFileReference; lastKnownFileType = sourcecode.swift; path = ActiveChatCell.swift; sourceTree = "<group>"; };
		397365832837BAB7004A0182 /* GradientView.swift */ = {isa = PBXFileReference; lastKnownFileType = sourcecode.swift; path = GradientView.swift; sourceTree = "<group>"; };
		3973658528381F01004A0182 /* WaitingChatCell.swift */ = {isa = PBXFileReference; lastKnownFileType = sourcecode.swift; path = WaitingChatCell.swift; sourceTree = "<group>"; };
		39736587283839C4004A0182 /* SelfConfiguringCell.swift */ = {isa = PBXFileReference; lastKnownFileType = sourcecode.swift; path = SelfConfiguringCell.swift; sourceTree = "<group>"; };
		3973658A28384B66004A0182 /* SectionHeader.swift */ = {isa = PBXFileReference; lastKnownFileType = sourcecode.swift; path = SectionHeader.swift; sourceTree = "<group>"; };
		3973658D28397124004A0182 /* users.json */ = {isa = PBXFileReference; fileEncoding = 4; lastKnownFileType = text.json; path = users.json; sourceTree = "<group>"; };
		3973658F2839723B004A0182 /* MChat.swift */ = {isa = PBXFileReference; lastKnownFileType = sourcecode.swift; path = MChat.swift; sourceTree = "<group>"; };
		3973659228397277004A0182 /* MUser.swift */ = {isa = PBXFileReference; lastKnownFileType = sourcecode.swift; path = MUser.swift; sourceTree = "<group>"; };
		3973659428399902004A0182 /* UserCell.swift */ = {isa = PBXFileReference; lastKnownFileType = sourcecode.swift; path = UserCell.swift; sourceTree = "<group>"; };
		3973659628399B6E004A0182 /* UIViewController + Extension.swift */ = {isa = PBXFileReference; lastKnownFileType = sourcecode.swift; path = "UIViewController + Extension.swift"; sourceTree = "<group>"; };
		39736598283A6845004A0182 /* ProfileViewController.swift */ = {isa = PBXFileReference; lastKnownFileType = sourcecode.swift; path = ProfileViewController.swift; sourceTree = "<group>"; };
		3973659A283ADA30004A0182 /* InsertableTextField.swift */ = {isa = PBXFileReference; lastKnownFileType = sourcecode.swift; path = InsertableTextField.swift; sourceTree = "<group>"; };
		3973659C283AE743004A0182 /* UIView + Extension.swift */ = {isa = PBXFileReference; lastKnownFileType = sourcecode.swift; path = "UIView + Extension.swift"; sourceTree = "<group>"; };
		3973659E283AF4CF004A0182 /* ChatRequestViewController.swift */ = {isa = PBXFileReference; lastKnownFileType = sourcecode.swift; path = ChatRequestViewController.swift; sourceTree = "<group>"; };
		397365A4283C2EBE004A0182 /* AuthService.swift */ = {isa = PBXFileReference; lastKnownFileType = sourcecode.swift; path = AuthService.swift; sourceTree = "<group>"; };
		397365A6283C47FF004A0182 /* Validators.swift */ = {isa = PBXFileReference; lastKnownFileType = sourcecode.swift; path = Validators.swift; sourceTree = "<group>"; };
		397365A8283C4A90004A0182 /* AuthError.swift */ = {isa = PBXFileReference; lastKnownFileType = sourcecode.swift; path = AuthError.swift; sourceTree = "<group>"; };
		39AAA487283578E7001E6D0C /* SetupProfileViewController.swift */ = {isa = PBXFileReference; lastKnownFileType = sourcecode.swift; path = SetupProfileViewController.swift; sourceTree = "<group>"; };
		39AAA48928357C98001E6D0C /* PhotoView.swift */ = {isa = PBXFileReference; lastKnownFileType = sourcecode.swift; path = PhotoView.swift; sourceTree = "<group>"; };
		39AAA48D28358D2F001E6D0C /* SegmentedControl + Extension.swift */ = {isa = PBXFileReference; lastKnownFileType = sourcecode.swift; path = "SegmentedControl + Extension.swift"; sourceTree = "<group>"; };
		39AAA4902835A27B001E6D0C /* ListViewController.swift */ = {isa = PBXFileReference; lastKnownFileType = sourcecode.swift; path = ListViewController.swift; sourceTree = "<group>"; };
		39AAA4932835A71B001E6D0C /* MainTabBarController.swift */ = {isa = PBXFileReference; lastKnownFileType = sourcecode.swift; path = MainTabBarController.swift; sourceTree = "<group>"; };
		39AAA4952835A780001E6D0C /* PeopleViewController.swift */ = {isa = PBXFileReference; lastKnownFileType = sourcecode.swift; path = PeopleViewController.swift; sourceTree = "<group>"; };
		39AAA49C2836F718001E6D0C /* BundleDecodable.swift */ = {isa = PBXFileReference; lastKnownFileType = sourcecode.swift; path = BundleDecodable.swift; sourceTree = "<group>"; };
/* End PBXFileReference section */

/* Begin PBXFrameworksBuildPhase section */
		390696242832EDA900AFE4AA /* Frameworks */ = {
			isa = PBXFrameworksBuildPhase;
			buildActionMask = 2147483647;
			files = (
				39BBE81C283D50BF00A71C58 /* FirebaseDatabase in Frameworks */,
				39BBE82A283D50BF00A71C58 /* FirebaseFunctionsCombine-Community in Frameworks */,
				39BBE822283D50BF00A71C58 /* FirebaseFirestore in Frameworks */,
				39BBE80E283D50BF00A71C58 /* FirebaseAnalyticsSwift in Frameworks */,
				39BBE80A283D50BF00A71C58 /* FirebaseAnalytics in Frameworks */,
				39BBE80C283D50BF00A71C58 /* FirebaseAnalyticsOnDeviceConversion in Frameworks */,
				39BBE832283D50BF00A71C58 /* FirebaseMLModelDownloader in Frameworks */,
				39BBE826283D50BF00A71C58 /* FirebaseFirestoreSwift in Frameworks */,
				39BBE812283D50BF00A71C58 /* FirebaseAppCheck in Frameworks */,
				39BBE810283D50BF00A71C58 /* FirebaseAnalyticsWithoutAdIdSupport in Frameworks */,
				39BBE816283D50BF00A71C58 /* FirebaseAuth in Frameworks */,
				39BBE81A283D50BF00A71C58 /* FirebaseCrashlytics in Frameworks */,
				39BBE83A283D50BF00A71C58 /* FirebaseRemoteConfigSwift in Frameworks */,
				39BBE82C283D50BF00A71C58 /* FirebaseInAppMessaging-Beta in Frameworks */,
				39BBE81E283D50BF00A71C58 /* FirebaseDatabaseSwift in Frameworks */,
				39BBE828283D50BF00A71C58 /* FirebaseFunctions in Frameworks */,
				39BBE83E283D50BF00A71C58 /* FirebaseStorageCombine-Community in Frameworks */,
				39BBE838283D50BF00A71C58 /* FirebaseRemoteConfig in Frameworks */,
				39BBE814283D50BF00A71C58 /* FirebaseAppDistribution-Beta in Frameworks */,
				39BBE818283D50BF00A71C58 /* FirebaseAuthCombine-Community in Frameworks */,
				39BBE836283D50BF00A71C58 /* FirebasePerformance in Frameworks */,
				39BBE82E283D50BF00A71C58 /* FirebaseInAppMessagingSwift-Beta in Frameworks */,
				39BBE83C283D50BF00A71C58 /* FirebaseStorage in Frameworks */,
				39BBE820283D50BF00A71C58 /* FirebaseDynamicLinks in Frameworks */,
				39BBE824283D50BF00A71C58 /* FirebaseFirestoreCombine-Community in Frameworks */,
				39BBE834283D50BF00A71C58 /* FirebaseMessaging in Frameworks */,
				39BBE830283D50BF00A71C58 /* FirebaseInstallations in Frameworks */,
			);
			runOnlyForDeploymentPostprocessing = 0;
		};
/* End PBXFrameworksBuildPhase section */

/* Begin PBXGroup section */
		0606B7049D703E0A15485A5D /* Pods */ = {
			isa = PBXGroup;
			children = (
			);
			path = Pods;
			sourceTree = "<group>";
		};
		3906961E2832EDA900AFE4AA = {
			isa = PBXGroup;
			children = (
				390696292832EDA900AFE4AA /* IChat */,
				390696282832EDA900AFE4AA /* Products */,
				0606B7049D703E0A15485A5D /* Pods */,
			);
			sourceTree = "<group>";
		};
		390696282832EDA900AFE4AA /* Products */ = {
			isa = PBXGroup;
			children = (
				390696272832EDA900AFE4AA /* IChat.app */,
			);
			name = Products;
			sourceTree = "<group>";
		};
		390696292832EDA900AFE4AA /* IChat */ = {
			isa = PBXGroup;
			children = (
				3906962A2832EDA900AFE4AA /* AppDelegate.swift */,
				3906962C2832EDA900AFE4AA /* SceneDelegate.swift */,
				397365A3283C2E80004A0182 /* Services */,
				397365A4283C2EBE004A0182 /* AuthService.swift */,
				393FFA42283D83C300748F9A /* FirestoreService.swift */,
				39AAA4922835A6C9001E6D0C /* Controllers */,
				39AAA48F2835A25F001E6D0C /* SignIn&Auth */,
				39736589283839D8004A0182 /* Protocols */,
				390696492834154B00AFE4AA /* Extensions */,
				397365AA283C4EB6004A0182 /* Helpers */,
				39AAA49B2836F6F7001E6D0C /* JSONData */,
				390696332832EDAA00AFE4AA /* Assets.xcassets */,
				390696352832EDAA00AFE4AA /* LaunchScreen.storyboard */,
				390696382832EDAA00AFE4AA /* Info.plist */,
				393AB346283D4D810085246A /* GoogleService-Info.plist */,
			);
			path = IChat;
			sourceTree = "<group>";
		};
		390696482834154400AFE4AA /* UIKit */ = {
			isa = PBXGroup;
			children = (
				390696462832FCA400AFE4AA /* UIImageView + Extension.swift */,
				390696442832FB3300AFE4AA /* UILabel + Extension.swift */,
				390696422832F8AF00AFE4AA /* UIColor + Extension.swift */,
				3906963E2832F3CA00AFE4AA /* UIButton + Extension .swift */,
				390696402832F71000AFE4AA /* UIFont + Extension.swift */,
				3906964C2834388500AFE4AA /* UIStackView + Extension.swift */,
				39AAA48D28358D2F001E6D0C /* SegmentedControl + Extension.swift */,
				3973659C283AE743004A0182 /* UIView + Extension.swift */,
			);
			path = UIKit;
			sourceTree = "<group>";
		};
		390696492834154B00AFE4AA /* Extensions */ = {
			isa = PBXGroup;
			children = (
				3906964A283418A000AFE4AA /* ButtonFormView.swift */,
				390696502834402400AFE4AA /* SeparatorTextField.swift */,
				39AAA48928357C98001E6D0C /* PhotoView.swift */,
				39AAA49C2836F718001E6D0C /* BundleDecodable.swift */,
				397365832837BAB7004A0182 /* GradientView.swift */,
				3973659A283ADA30004A0182 /* InsertableTextField.swift */,
				3973659628399B6E004A0182 /* UIViewController + Extension.swift */,
				390696482834154400AFE4AA /* UIKit */,
			);
			path = Extensions;
			sourceTree = "<group>";
		};
		397365802837A7F0004A0182 /* Cell */ = {
			isa = PBXGroup;
			children = (
				397365812837A7FE004A0182 /* ActiveChatCell.swift */,
				3973658528381F01004A0182 /* WaitingChatCell.swift */,
				3973659428399902004A0182 /* UserCell.swift */,
			);
			path = Cell;
			sourceTree = "<group>";
		};
		39736589283839D8004A0182 /* Protocols */ = {
			isa = PBXGroup;
			children = (
				39736587283839C4004A0182 /* SelfConfiguringCell.swift */,
				393FFA40283D7A8600748F9A /* AuthNavigationDelegate.swift */,
			);
			path = Protocols;
			sourceTree = "<group>";
		};
		3973658C283854F9004A0182 /* Header */ = {
			isa = PBXGroup;
			children = (
				3973658A28384B66004A0182 /* SectionHeader.swift */,
			);
			path = Header;
			sourceTree = "<group>";
		};
		3973659128397259004A0182 /* Models */ = {
			isa = PBXGroup;
			children = (
				3973658F2839723B004A0182 /* MChat.swift */,
				3973659228397277004A0182 /* MUser.swift */,
			);
			path = Models;
			sourceTree = "<group>";
		};
		397365A3283C2E80004A0182 /* Services */ = {
			isa = PBXGroup;
			children = (
				3973659128397259004A0182 /* Models */,
			);
			path = Services;
			sourceTree = "<group>";
		};
		397365AA283C4EB6004A0182 /* Helpers */ = {
			isa = PBXGroup;
			children = (
				397365A6283C47FF004A0182 /* Validators.swift */,
				397365A8283C4A90004A0182 /* AuthError.swift */,
				393FFA44283D8F9300748F9A /* UserError.swift */,
			);
			path = Helpers;
			sourceTree = "<group>";
		};
		39AAA48F2835A25F001E6D0C /* SignIn&Auth */ = {
			isa = PBXGroup;
			children = (
				3906962E2832EDA900AFE4AA /* AuthViewController.swift */,
				3906964E28343B7A00AFE4AA /* SignUpViewController.swift */,
				390696522835081200AFE4AA /* LoginViewController.swift */,
				39AAA487283578E7001E6D0C /* SetupProfileViewController.swift */,
			);
			path = "SignIn&Auth";
			sourceTree = "<group>";
		};
		39AAA4922835A6C9001E6D0C /* Controllers */ = {
			isa = PBXGroup;
			children = (
				39AAA4932835A71B001E6D0C /* MainTabBarController.swift */,
				39AAA4902835A27B001E6D0C /* ListViewController.swift */,
				39AAA4952835A780001E6D0C /* PeopleViewController.swift */,
				39736598283A6845004A0182 /* ProfileViewController.swift */,
				3973659E283AF4CF004A0182 /* ChatRequestViewController.swift */,
				397365802837A7F0004A0182 /* Cell */,
				3973658C283854F9004A0182 /* Header */,
			);
			path = Controllers;
			sourceTree = "<group>";
		};
		39AAA49B2836F6F7001E6D0C /* JSONData */ = {
			isa = PBXGroup;
			children = (
				3973657C2837A63D004A0182 /* waitingChats.json */,
				3973657E2837A647004A0182 /* activeChats.json */,
				3973658D28397124004A0182 /* users.json */,
			);
			path = JSONData;
			sourceTree = "<group>";
		};
/* End PBXGroup section */

/* Begin PBXNativeTarget section */
		390696262832EDA900AFE4AA /* IChat */ = {
			isa = PBXNativeTarget;
			buildConfigurationList = 3906963B2832EDAA00AFE4AA /* Build configuration list for PBXNativeTarget "IChat" */;
			buildPhases = (
				390696232832EDA900AFE4AA /* Sources */,
				390696242832EDA900AFE4AA /* Frameworks */,
				390696252832EDA900AFE4AA /* Resources */,
			);
			buildRules = (
			);
			dependencies = (
			);
			name = IChat;
			packageProductDependencies = (
				39BBE809283D50BF00A71C58 /* FirebaseAnalytics */,
				39BBE80B283D50BF00A71C58 /* FirebaseAnalyticsOnDeviceConversion */,
				39BBE80D283D50BF00A71C58 /* FirebaseAnalyticsSwift */,
				39BBE80F283D50BF00A71C58 /* FirebaseAnalyticsWithoutAdIdSupport */,
				39BBE811283D50BF00A71C58 /* FirebaseAppCheck */,
				39BBE813283D50BF00A71C58 /* FirebaseAppDistribution-Beta */,
				39BBE815283D50BF00A71C58 /* FirebaseAuth */,
				39BBE817283D50BF00A71C58 /* FirebaseAuthCombine-Community */,
				39BBE819283D50BF00A71C58 /* FirebaseCrashlytics */,
				39BBE81B283D50BF00A71C58 /* FirebaseDatabase */,
				39BBE81D283D50BF00A71C58 /* FirebaseDatabaseSwift */,
				39BBE81F283D50BF00A71C58 /* FirebaseDynamicLinks */,
				39BBE821283D50BF00A71C58 /* FirebaseFirestore */,
				39BBE823283D50BF00A71C58 /* FirebaseFirestoreCombine-Community */,
				39BBE825283D50BF00A71C58 /* FirebaseFirestoreSwift */,
				39BBE827283D50BF00A71C58 /* FirebaseFunctions */,
				39BBE829283D50BF00A71C58 /* FirebaseFunctionsCombine-Community */,
				39BBE82B283D50BF00A71C58 /* FirebaseInAppMessaging-Beta */,
				39BBE82D283D50BF00A71C58 /* FirebaseInAppMessagingSwift-Beta */,
				39BBE82F283D50BF00A71C58 /* FirebaseInstallations */,
				39BBE831283D50BF00A71C58 /* FirebaseMLModelDownloader */,
				39BBE833283D50BF00A71C58 /* FirebaseMessaging */,
				39BBE835283D50BF00A71C58 /* FirebasePerformance */,
				39BBE837283D50BF00A71C58 /* FirebaseRemoteConfig */,
				39BBE839283D50BF00A71C58 /* FirebaseRemoteConfigSwift */,
				39BBE83B283D50BF00A71C58 /* FirebaseStorage */,
				39BBE83D283D50BF00A71C58 /* FirebaseStorageCombine-Community */,
			);
			productName = IChat;
			productReference = 390696272832EDA900AFE4AA /* IChat.app */;
			productType = "com.apple.product-type.application";
		};
/* End PBXNativeTarget section */

/* Begin PBXProject section */
		3906961F2832EDA900AFE4AA /* Project object */ = {
			isa = PBXProject;
			attributes = {
				BuildIndependentTargetsInParallel = 1;
				LastSwiftUpdateCheck = 1320;
				LastUpgradeCheck = 1320;
				TargetAttributes = {
					390696262832EDA900AFE4AA = {
						CreatedOnToolsVersion = 13.2.1;
					};
				};
			};
			buildConfigurationList = 390696222832EDA900AFE4AA /* Build configuration list for PBXProject "IChat" */;
			compatibilityVersion = "Xcode 13.0";
			developmentRegion = en;
			hasScannedForEncodings = 0;
			knownRegions = (
				en,
				Base,
			);
			mainGroup = 3906961E2832EDA900AFE4AA;
			packageReferences = (
				39BBE808283D50BF00A71C58 /* XCRemoteSwiftPackageReference "firebase-ios-sdk" */,
			);
			productRefGroup = 390696282832EDA900AFE4AA /* Products */;
			projectDirPath = "";
			projectRoot = "";
			targets = (
				390696262832EDA900AFE4AA /* IChat */,
			);
		};
/* End PBXProject section */

/* Begin PBXResourcesBuildPhase section */
		390696252832EDA900AFE4AA /* Resources */ = {
			isa = PBXResourcesBuildPhase;
			buildActionMask = 2147483647;
			files = (
				3973658E28397124004A0182 /* users.json in Resources */,
				3973657D2837A63D004A0182 /* waitingChats.json in Resources */,
				390696372832EDAA00AFE4AA /* LaunchScreen.storyboard in Resources */,
				390696342832EDAA00AFE4AA /* Assets.xcassets in Resources */,
				3973657F2837A647004A0182 /* activeChats.json in Resources */,
				393AB347283D4D810085246A /* GoogleService-Info.plist in Resources */,
			);
			runOnlyForDeploymentPostprocessing = 0;
		};
/* End PBXResourcesBuildPhase section */

/* Begin PBXSourcesBuildPhase section */
		390696232832EDA900AFE4AA /* Sources */ = {
			isa = PBXSourcesBuildPhase;
			buildActionMask = 2147483647;
			files = (
				39AAA4912835A27B001E6D0C /* ListViewController.swift in Sources */,
				3906964F28343B7A00AFE4AA /* SignUpViewController.swift in Sources */,
				3973658B28384B66004A0182 /* SectionHeader.swift in Sources */,
				397365842837BAB7004A0182 /* GradientView.swift in Sources */,
				39AAA4942835A71B001E6D0C /* MainTabBarController.swift in Sources */,
				390696512834402500AFE4AA /* SeparatorTextField.swift in Sources */,
				397365A9283C4A90004A0182 /* AuthError.swift in Sources */,
				397365822837A7FE004A0182 /* ActiveChatCell.swift in Sources */,
				390696412832F71000AFE4AA /* UIFont + Extension.swift in Sources */,
				397365A7283C47FF004A0182 /* Validators.swift in Sources */,
				39AAA4962835A780001E6D0C /* PeopleViewController.swift in Sources */,
				39AAA48A28357C98001E6D0C /* PhotoView.swift in Sources */,
				393FFA41283D7A8600748F9A /* AuthNavigationDelegate.swift in Sources */,
				3973659B283ADA30004A0182 /* InsertableTextField.swift in Sources */,
				3906963F2832F3CA00AFE4AA /* UIButton + Extension .swift in Sources */,
				393FFA43283D83C300748F9A /* FirestoreService.swift in Sources */,
				39AAA488283578E7001E6D0C /* SetupProfileViewController.swift in Sources */,
				39736599283A6845004A0182 /* ProfileViewController.swift in Sources */,
				39AAA49D2836F718001E6D0C /* BundleDecodable.swift in Sources */,
				3973659F283AF4CF004A0182 /* ChatRequestViewController.swift in Sources */,
				3973659328397277004A0182 /* MUser.swift in Sources */,
				3906962F2832EDA900AFE4AA /* AuthViewController.swift in Sources */,
				3906964D2834388500AFE4AA /* UIStackView + Extension.swift in Sources */,
				393FFA45283D8F9300748F9A /* UserError.swift in Sources */,
				3906964B283418A000AFE4AA /* ButtonFormView.swift in Sources */,
				390696452832FB3300AFE4AA /* UILabel + Extension.swift in Sources */,
				3973659D283AE743004A0182 /* UIView + Extension.swift in Sources */,
				39AAA48E28358D2F001E6D0C /* SegmentedControl + Extension.swift in Sources */,
				3973658628381F01004A0182 /* WaitingChatCell.swift in Sources */,
				3973659528399902004A0182 /* UserCell.swift in Sources */,
				3973659728399B6E004A0182 /* UIViewController + Extension.swift in Sources */,
				390696472832FCA400AFE4AA /* UIImageView + Extension.swift in Sources */,
				39736588283839C4004A0182 /* SelfConfiguringCell.swift in Sources */,
				390696432832F8AF00AFE4AA /* UIColor + Extension.swift in Sources */,
				3906962B2832EDA900AFE4AA /* AppDelegate.swift in Sources */,
				397365902839723B004A0182 /* MChat.swift in Sources */,
				397365A5283C2EBE004A0182 /* AuthService.swift in Sources */,
				390696532835081200AFE4AA /* LoginViewController.swift in Sources */,
				3906962D2832EDA900AFE4AA /* SceneDelegate.swift in Sources */,
			);
			runOnlyForDeploymentPostprocessing = 0;
		};
/* End PBXSourcesBuildPhase section */

/* Begin PBXVariantGroup section */
		390696352832EDAA00AFE4AA /* LaunchScreen.storyboard */ = {
			isa = PBXVariantGroup;
			children = (
				390696362832EDAA00AFE4AA /* Base */,
			);
			name = LaunchScreen.storyboard;
			sourceTree = "<group>";
		};
/* End PBXVariantGroup section */

/* Begin XCBuildConfiguration section */
		390696392832EDAA00AFE4AA /* Debug */ = {
			isa = XCBuildConfiguration;
			buildSettings = {
				ALWAYS_SEARCH_USER_PATHS = NO;
				CLANG_ANALYZER_NONNULL = YES;
				CLANG_ANALYZER_NUMBER_OBJECT_CONVERSION = YES_AGGRESSIVE;
				CLANG_CXX_LANGUAGE_STANDARD = "gnu++17";
				CLANG_CXX_LIBRARY = "libc++";
				CLANG_ENABLE_MODULES = YES;
				CLANG_ENABLE_OBJC_ARC = YES;
				CLANG_ENABLE_OBJC_WEAK = YES;
				CLANG_WARN_BLOCK_CAPTURE_AUTORELEASING = YES;
				CLANG_WARN_BOOL_CONVERSION = YES;
				CLANG_WARN_COMMA = YES;
				CLANG_WARN_CONSTANT_CONVERSION = YES;
				CLANG_WARN_DEPRECATED_OBJC_IMPLEMENTATIONS = YES;
				CLANG_WARN_DIRECT_OBJC_ISA_USAGE = YES_ERROR;
				CLANG_WARN_DOCUMENTATION_COMMENTS = YES;
				CLANG_WARN_EMPTY_BODY = YES;
				CLANG_WARN_ENUM_CONVERSION = YES;
				CLANG_WARN_INFINITE_RECURSION = YES;
				CLANG_WARN_INT_CONVERSION = YES;
				CLANG_WARN_NON_LITERAL_NULL_CONVERSION = YES;
				CLANG_WARN_OBJC_IMPLICIT_RETAIN_SELF = YES;
				CLANG_WARN_OBJC_LITERAL_CONVERSION = YES;
				CLANG_WARN_OBJC_ROOT_CLASS = YES_ERROR;
				CLANG_WARN_QUOTED_INCLUDE_IN_FRAMEWORK_HEADER = YES;
				CLANG_WARN_RANGE_LOOP_ANALYSIS = YES;
				CLANG_WARN_STRICT_PROTOTYPES = YES;
				CLANG_WARN_SUSPICIOUS_MOVE = YES;
				CLANG_WARN_UNGUARDED_AVAILABILITY = YES_AGGRESSIVE;
				CLANG_WARN_UNREACHABLE_CODE = YES;
				CLANG_WARN__DUPLICATE_METHOD_MATCH = YES;
				COPY_PHASE_STRIP = NO;
				DEBUG_INFORMATION_FORMAT = dwarf;
				ENABLE_STRICT_OBJC_MSGSEND = YES;
				ENABLE_TESTABILITY = YES;
				GCC_C_LANGUAGE_STANDARD = gnu11;
				GCC_DYNAMIC_NO_PIC = NO;
				GCC_NO_COMMON_BLOCKS = YES;
				GCC_OPTIMIZATION_LEVEL = 0;
				GCC_PREPROCESSOR_DEFINITIONS = (
					"DEBUG=1",
					"$(inherited)",
				);
				GCC_WARN_64_TO_32_BIT_CONVERSION = YES;
				GCC_WARN_ABOUT_RETURN_TYPE = YES_ERROR;
				GCC_WARN_UNDECLARED_SELECTOR = YES;
				GCC_WARN_UNINITIALIZED_AUTOS = YES_AGGRESSIVE;
				GCC_WARN_UNUSED_FUNCTION = YES;
				GCC_WARN_UNUSED_VARIABLE = YES;
				IPHONEOS_DEPLOYMENT_TARGET = 15.2;
				MTL_ENABLE_DEBUG_INFO = INCLUDE_SOURCE;
				MTL_FAST_MATH = YES;
				ONLY_ACTIVE_ARCH = YES;
				SDKROOT = iphoneos;
				SWIFT_ACTIVE_COMPILATION_CONDITIONS = DEBUG;
				SWIFT_OPTIMIZATION_LEVEL = "-Onone";
			};
			name = Debug;
		};
		3906963A2832EDAA00AFE4AA /* Release */ = {
			isa = XCBuildConfiguration;
			buildSettings = {
				ALWAYS_SEARCH_USER_PATHS = NO;
				CLANG_ANALYZER_NONNULL = YES;
				CLANG_ANALYZER_NUMBER_OBJECT_CONVERSION = YES_AGGRESSIVE;
				CLANG_CXX_LANGUAGE_STANDARD = "gnu++17";
				CLANG_CXX_LIBRARY = "libc++";
				CLANG_ENABLE_MODULES = YES;
				CLANG_ENABLE_OBJC_ARC = YES;
				CLANG_ENABLE_OBJC_WEAK = YES;
				CLANG_WARN_BLOCK_CAPTURE_AUTORELEASING = YES;
				CLANG_WARN_BOOL_CONVERSION = YES;
				CLANG_WARN_COMMA = YES;
				CLANG_WARN_CONSTANT_CONVERSION = YES;
				CLANG_WARN_DEPRECATED_OBJC_IMPLEMENTATIONS = YES;
				CLANG_WARN_DIRECT_OBJC_ISA_USAGE = YES_ERROR;
				CLANG_WARN_DOCUMENTATION_COMMENTS = YES;
				CLANG_WARN_EMPTY_BODY = YES;
				CLANG_WARN_ENUM_CONVERSION = YES;
				CLANG_WARN_INFINITE_RECURSION = YES;
				CLANG_WARN_INT_CONVERSION = YES;
				CLANG_WARN_NON_LITERAL_NULL_CONVERSION = YES;
				CLANG_WARN_OBJC_IMPLICIT_RETAIN_SELF = YES;
				CLANG_WARN_OBJC_LITERAL_CONVERSION = YES;
				CLANG_WARN_OBJC_ROOT_CLASS = YES_ERROR;
				CLANG_WARN_QUOTED_INCLUDE_IN_FRAMEWORK_HEADER = YES;
				CLANG_WARN_RANGE_LOOP_ANALYSIS = YES;
				CLANG_WARN_STRICT_PROTOTYPES = YES;
				CLANG_WARN_SUSPICIOUS_MOVE = YES;
				CLANG_WARN_UNGUARDED_AVAILABILITY = YES_AGGRESSIVE;
				CLANG_WARN_UNREACHABLE_CODE = YES;
				CLANG_WARN__DUPLICATE_METHOD_MATCH = YES;
				COPY_PHASE_STRIP = NO;
				DEBUG_INFORMATION_FORMAT = "dwarf-with-dsym";
				ENABLE_NS_ASSERTIONS = NO;
				ENABLE_STRICT_OBJC_MSGSEND = YES;
				GCC_C_LANGUAGE_STANDARD = gnu11;
				GCC_NO_COMMON_BLOCKS = YES;
				GCC_WARN_64_TO_32_BIT_CONVERSION = YES;
				GCC_WARN_ABOUT_RETURN_TYPE = YES_ERROR;
				GCC_WARN_UNDECLARED_SELECTOR = YES;
				GCC_WARN_UNINITIALIZED_AUTOS = YES_AGGRESSIVE;
				GCC_WARN_UNUSED_FUNCTION = YES;
				GCC_WARN_UNUSED_VARIABLE = YES;
				IPHONEOS_DEPLOYMENT_TARGET = 15.2;
				MTL_ENABLE_DEBUG_INFO = NO;
				MTL_FAST_MATH = YES;
				SDKROOT = iphoneos;
				SWIFT_COMPILATION_MODE = wholemodule;
				SWIFT_OPTIMIZATION_LEVEL = "-O";
				VALIDATE_PRODUCT = YES;
			};
			name = Release;
		};
		3906963C2832EDAA00AFE4AA /* Debug */ = {
			isa = XCBuildConfiguration;
			buildSettings = {
				ASSETCATALOG_COMPILER_APPICON_NAME = AppIcon;
				ASSETCATALOG_COMPILER_GLOBAL_ACCENT_COLOR_NAME = AccentColor;
				CODE_SIGN_STYLE = Automatic;
				CURRENT_PROJECT_VERSION = 1;
				GENERATE_INFOPLIST_FILE = YES;
				INFOPLIST_FILE = IChat/Info.plist;
				INFOPLIST_KEY_UIApplicationSupportsIndirectInputEvents = YES;
				INFOPLIST_KEY_UILaunchStoryboardName = LaunchScreen;
				INFOPLIST_KEY_UISupportedInterfaceOrientations_iPad = "UIInterfaceOrientationPortrait UIInterfaceOrientationPortraitUpsideDown UIInterfaceOrientationLandscapeLeft UIInterfaceOrientationLandscapeRight";
				INFOPLIST_KEY_UISupportedInterfaceOrientations_iPhone = "UIInterfaceOrientationPortrait UIInterfaceOrientationLandscapeLeft UIInterfaceOrientationLandscapeRight";
				LD_RUNPATH_SEARCH_PATHS = (
					"$(inherited)",
					"@executable_path/Frameworks",
				);
				MARKETING_VERSION = 1.0;
				PRODUCT_BUNDLE_IDENTIFIER = "Artyom-Beldeiko.IChat";
				PRODUCT_NAME = "$(TARGET_NAME)";
				SWIFT_EMIT_LOC_STRINGS = YES;
				SWIFT_VERSION = 5.0;
				TARGETED_DEVICE_FAMILY = "1,2";
			};
			name = Debug;
		};
		3906963D2832EDAA00AFE4AA /* Release */ = {
			isa = XCBuildConfiguration;
			buildSettings = {
				ASSETCATALOG_COMPILER_APPICON_NAME = AppIcon;
				ASSETCATALOG_COMPILER_GLOBAL_ACCENT_COLOR_NAME = AccentColor;
				CODE_SIGN_STYLE = Automatic;
				CURRENT_PROJECT_VERSION = 1;
				GENERATE_INFOPLIST_FILE = YES;
				INFOPLIST_FILE = IChat/Info.plist;
				INFOPLIST_KEY_UIApplicationSupportsIndirectInputEvents = YES;
				INFOPLIST_KEY_UILaunchStoryboardName = LaunchScreen;
				INFOPLIST_KEY_UISupportedInterfaceOrientations_iPad = "UIInterfaceOrientationPortrait UIInterfaceOrientationPortraitUpsideDown UIInterfaceOrientationLandscapeLeft UIInterfaceOrientationLandscapeRight";
				INFOPLIST_KEY_UISupportedInterfaceOrientations_iPhone = "UIInterfaceOrientationPortrait UIInterfaceOrientationLandscapeLeft UIInterfaceOrientationLandscapeRight";
				LD_RUNPATH_SEARCH_PATHS = (
					"$(inherited)",
					"@executable_path/Frameworks",
				);
				MARKETING_VERSION = 1.0;
				PRODUCT_BUNDLE_IDENTIFIER = "Artyom-Beldeiko.IChat";
				PRODUCT_NAME = "$(TARGET_NAME)";
				SWIFT_EMIT_LOC_STRINGS = YES;
				SWIFT_VERSION = 5.0;
				TARGETED_DEVICE_FAMILY = "1,2";
			};
			name = Release;
		};
/* End XCBuildConfiguration section */

/* Begin XCConfigurationList section */
		390696222832EDA900AFE4AA /* Build configuration list for PBXProject "IChat" */ = {
			isa = XCConfigurationList;
			buildConfigurations = (
				390696392832EDAA00AFE4AA /* Debug */,
				3906963A2832EDAA00AFE4AA /* Release */,
			);
			defaultConfigurationIsVisible = 0;
			defaultConfigurationName = Release;
		};
		3906963B2832EDAA00AFE4AA /* Build configuration list for PBXNativeTarget "IChat" */ = {
			isa = XCConfigurationList;
			buildConfigurations = (
				3906963C2832EDAA00AFE4AA /* Debug */,
				3906963D2832EDAA00AFE4AA /* Release */,
			);
			defaultConfigurationIsVisible = 0;
			defaultConfigurationName = Release;
		};
/* End XCConfigurationList section */

/* Begin XCRemoteSwiftPackageReference section */
		39BBE808283D50BF00A71C58 /* XCRemoteSwiftPackageReference "firebase-ios-sdk" */ = {
			isa = XCRemoteSwiftPackageReference;
			repositoryURL = "https://github.com/firebase/firebase-ios-sdk";
			requirement = {
				kind = upToNextMajorVersion;
				minimumVersion = 9.0.0;
			};
		};
/* End XCRemoteSwiftPackageReference section */

/* Begin XCSwiftPackageProductDependency section */
		39BBE809283D50BF00A71C58 /* FirebaseAnalytics */ = {
			isa = XCSwiftPackageProductDependency;
			package = 39BBE808283D50BF00A71C58 /* XCRemoteSwiftPackageReference "firebase-ios-sdk" */;
			productName = FirebaseAnalytics;
		};
		39BBE80B283D50BF00A71C58 /* FirebaseAnalyticsOnDeviceConversion */ = {
			isa = XCSwiftPackageProductDependency;
			package = 39BBE808283D50BF00A71C58 /* XCRemoteSwiftPackageReference "firebase-ios-sdk" */;
			productName = FirebaseAnalyticsOnDeviceConversion;
		};
		39BBE80D283D50BF00A71C58 /* FirebaseAnalyticsSwift */ = {
			isa = XCSwiftPackageProductDependency;
			package = 39BBE808283D50BF00A71C58 /* XCRemoteSwiftPackageReference "firebase-ios-sdk" */;
			productName = FirebaseAnalyticsSwift;
		};
		39BBE80F283D50BF00A71C58 /* FirebaseAnalyticsWithoutAdIdSupport */ = {
			isa = XCSwiftPackageProductDependency;
			package = 39BBE808283D50BF00A71C58 /* XCRemoteSwiftPackageReference "firebase-ios-sdk" */;
			productName = FirebaseAnalyticsWithoutAdIdSupport;
		};
		39BBE811283D50BF00A71C58 /* FirebaseAppCheck */ = {
			isa = XCSwiftPackageProductDependency;
			package = 39BBE808283D50BF00A71C58 /* XCRemoteSwiftPackageReference "firebase-ios-sdk" */;
			productName = FirebaseAppCheck;
		};
		39BBE813283D50BF00A71C58 /* FirebaseAppDistribution-Beta */ = {
			isa = XCSwiftPackageProductDependency;
			package = 39BBE808283D50BF00A71C58 /* XCRemoteSwiftPackageReference "firebase-ios-sdk" */;
			productName = "FirebaseAppDistribution-Beta";
		};
		39BBE815283D50BF00A71C58 /* FirebaseAuth */ = {
			isa = XCSwiftPackageProductDependency;
			package = 39BBE808283D50BF00A71C58 /* XCRemoteSwiftPackageReference "firebase-ios-sdk" */;
			productName = FirebaseAuth;
		};
		39BBE817283D50BF00A71C58 /* FirebaseAuthCombine-Community */ = {
			isa = XCSwiftPackageProductDependency;
			package = 39BBE808283D50BF00A71C58 /* XCRemoteSwiftPackageReference "firebase-ios-sdk" */;
			productName = "FirebaseAuthCombine-Community";
		};
		39BBE819283D50BF00A71C58 /* FirebaseCrashlytics */ = {
			isa = XCSwiftPackageProductDependency;
			package = 39BBE808283D50BF00A71C58 /* XCRemoteSwiftPackageReference "firebase-ios-sdk" */;
			productName = FirebaseCrashlytics;
		};
		39BBE81B283D50BF00A71C58 /* FirebaseDatabase */ = {
			isa = XCSwiftPackageProductDependency;
			package = 39BBE808283D50BF00A71C58 /* XCRemoteSwiftPackageReference "firebase-ios-sdk" */;
			productName = FirebaseDatabase;
		};
		39BBE81D283D50BF00A71C58 /* FirebaseDatabaseSwift */ = {
			isa = XCSwiftPackageProductDependency;
			package = 39BBE808283D50BF00A71C58 /* XCRemoteSwiftPackageReference "firebase-ios-sdk" */;
			productName = FirebaseDatabaseSwift;
		};
		39BBE81F283D50BF00A71C58 /* FirebaseDynamicLinks */ = {
			isa = XCSwiftPackageProductDependency;
			package = 39BBE808283D50BF00A71C58 /* XCRemoteSwiftPackageReference "firebase-ios-sdk" */;
			productName = FirebaseDynamicLinks;
		};
		39BBE821283D50BF00A71C58 /* FirebaseFirestore */ = {
			isa = XCSwiftPackageProductDependency;
			package = 39BBE808283D50BF00A71C58 /* XCRemoteSwiftPackageReference "firebase-ios-sdk" */;
			productName = FirebaseFirestore;
		};
		39BBE823283D50BF00A71C58 /* FirebaseFirestoreCombine-Community */ = {
			isa = XCSwiftPackageProductDependency;
			package = 39BBE808283D50BF00A71C58 /* XCRemoteSwiftPackageReference "firebase-ios-sdk" */;
			productName = "FirebaseFirestoreCombine-Community";
		};
		39BBE825283D50BF00A71C58 /* FirebaseFirestoreSwift */ = {
			isa = XCSwiftPackageProductDependency;
			package = 39BBE808283D50BF00A71C58 /* XCRemoteSwiftPackageReference "firebase-ios-sdk" */;
			productName = FirebaseFirestoreSwift;
		};
		39BBE827283D50BF00A71C58 /* FirebaseFunctions */ = {
			isa = XCSwiftPackageProductDependency;
			package = 39BBE808283D50BF00A71C58 /* XCRemoteSwiftPackageReference "firebase-ios-sdk" */;
			productName = FirebaseFunctions;
		};
		39BBE829283D50BF00A71C58 /* FirebaseFunctionsCombine-Community */ = {
			isa = XCSwiftPackageProductDependency;
			package = 39BBE808283D50BF00A71C58 /* XCRemoteSwiftPackageReference "firebase-ios-sdk" */;
			productName = "FirebaseFunctionsCombine-Community";
		};
		39BBE82B283D50BF00A71C58 /* FirebaseInAppMessaging-Beta */ = {
			isa = XCSwiftPackageProductDependency;
			package = 39BBE808283D50BF00A71C58 /* XCRemoteSwiftPackageReference "firebase-ios-sdk" */;
			productName = "FirebaseInAppMessaging-Beta";
		};
		39BBE82D283D50BF00A71C58 /* FirebaseInAppMessagingSwift-Beta */ = {
			isa = XCSwiftPackageProductDependency;
			package = 39BBE808283D50BF00A71C58 /* XCRemoteSwiftPackageReference "firebase-ios-sdk" */;
			productName = "FirebaseInAppMessagingSwift-Beta";
		};
		39BBE82F283D50BF00A71C58 /* FirebaseInstallations */ = {
			isa = XCSwiftPackageProductDependency;
			package = 39BBE808283D50BF00A71C58 /* XCRemoteSwiftPackageReference "firebase-ios-sdk" */;
			productName = FirebaseInstallations;
		};
		39BBE831283D50BF00A71C58 /* FirebaseMLModelDownloader */ = {
			isa = XCSwiftPackageProductDependency;
			package = 39BBE808283D50BF00A71C58 /* XCRemoteSwiftPackageReference "firebase-ios-sdk" */;
			productName = FirebaseMLModelDownloader;
		};
		39BBE833283D50BF00A71C58 /* FirebaseMessaging */ = {
			isa = XCSwiftPackageProductDependency;
			package = 39BBE808283D50BF00A71C58 /* XCRemoteSwiftPackageReference "firebase-ios-sdk" */;
			productName = FirebaseMessaging;
		};
		39BBE835283D50BF00A71C58 /* FirebasePerformance */ = {
			isa = XCSwiftPackageProductDependency;
			package = 39BBE808283D50BF00A71C58 /* XCRemoteSwiftPackageReference "firebase-ios-sdk" */;
			productName = FirebasePerformance;
		};
		39BBE837283D50BF00A71C58 /* FirebaseRemoteConfig */ = {
			isa = XCSwiftPackageProductDependency;
			package = 39BBE808283D50BF00A71C58 /* XCRemoteSwiftPackageReference "firebase-ios-sdk" */;
			productName = FirebaseRemoteConfig;
		};
		39BBE839283D50BF00A71C58 /* FirebaseRemoteConfigSwift */ = {
			isa = XCSwiftPackageProductDependency;
			package = 39BBE808283D50BF00A71C58 /* XCRemoteSwiftPackageReference "firebase-ios-sdk" */;
			productName = FirebaseRemoteConfigSwift;
		};
		39BBE83B283D50BF00A71C58 /* FirebaseStorage */ = {
			isa = XCSwiftPackageProductDependency;
			package = 39BBE808283D50BF00A71C58 /* XCRemoteSwiftPackageReference "firebase-ios-sdk" */;
			productName = FirebaseStorage;
		};
		39BBE83D283D50BF00A71C58 /* FirebaseStorageCombine-Community */ = {
			isa = XCSwiftPackageProductDependency;
			package = 39BBE808283D50BF00A71C58 /* XCRemoteSwiftPackageReference "firebase-ios-sdk" */;
			productName = "FirebaseStorageCombine-Community";
		};
/* End XCSwiftPackageProductDependency section */
	};
	rootObject = 3906961F2832EDA900AFE4AA /* Project object */;
}
